
Microsoft Visual Studio Solution File, Format Version 12.00
# Visual Studio Version 17
VisualStudioVersion = 17.0.31912.275
MinimumVisualStudioVersion = 10.0.40219.1
Project("{FAE04EC0-301F-11D3-BF4B-00C04F79EFBC}") = "ScreenMask", "ScreenMask\ScreenMask.csproj", "{EF72FCE0-A0D3-4321-B7BC-5364130046B0}"
EndProject
Global
	GlobalSection(SolutionConfigurationPlatforms) = preSolution
		Debug|Any CPU = Debug|Any CPU
		Release|Any CPU = Release|Any CPU
	EndGlobalSection
	GlobalSection(ProjectConfigurationPlatforms) = postSolution
		{EF72FCE0-A0D3-4321-B7BC-5364130046B0}.Debug|Any CPU.ActiveCfg = Debug|Any CPU
		{EF72FCE0-A0D3-4321-B7BC-5364130046B0}.Debug|Any CPU.Build.0 = Debug|Any CPU
		{EF72FCE0-A0D3-4321-B7BC-5364130046B0}.Release|Any CPU.ActiveCfg = Release|Any CPU
		{EF72FCE0-A0D3-4321-B7BC-5364130046B0}.Release|Any CPU.Build.0 = Release|Any CPU
	EndGlobalSection
	GlobalSection(SolutionProperties) = preSolution
		HideSolutionNode = FALSE
	EndGlobalSection
	GlobalSection(ExtensibilityGlobals) = postSolution
		SolutionGuid = {426E76E7-AFF4-419E-97D5-F9FFB86440CE}
	EndGlobalSection
EndGlobal
